lockfileVersion: '9.0'

settings:
  autoInstallPeers: true
  excludeLinksFromLockfile: false

importers:

  .:
    devDependencies:
      '@bufbuild/buf':
        specifier: ^1.56.0
        version: 1.56.0
      '@bufbuild/protobuf':
        specifier: ^2.6.3
        version: 2.6.3
      '@bufbuild/protoc-gen-es':
        specifier: ^2.6.3
        version: 2.6.3(@bufbuild/protobuf@2.6.3)
      '@connectrpc/protoc-gen-connect-es':
        specifier: ^1.6.1
        version: 1.6.1(@bufbuild/protoc-gen-es@2.6.3(@bufbuild/protobuf@2.6.3))(@connectrpc/connect@1.6.1(@bufbuild/protobuf@2.6.3))
      '@tsconfig/strictest':
        specifier: ^2.0.5
        version: 2.0.5
      '@types/node':
        specifier: ^24.3.0
        version: 24.3.0
      prettier:
        specifier: ^3.6.2
        version: 3.6.2
      typescript:
        specifier: ^5.9.2
        version: 5.9.2

  libs/hashicorp-plugin:
    dependencies:
      '@connectrpc/connect':
        specifier: ^2.0.4
        version: 2.0.4(@bufbuild/protobuf@2.6.3)
      '@connectrpc/connect-node':
        specifier: ^2.0.4
        version: 2.0.4(@bufbuild/protobuf@2.6.3)(@connectrpc/connect@2.0.4(@bufbuild/protobuf@2.6.3))
      effect:
        specifier: ^3.17.7
        version: 3.17.7
      node-forge:
        specifier: ^1.3.1
        version: 1.3.1
      typescript:
        specifier: ^5.9.2
        version: 5.9.2
    devDependencies:
      '@types/node-forge':
        specifier: ^1.3.13
        version: 1.3.13

  libs/kv-plugin:
    dependencies:
      '@entropitor/hashicorp-plugin':
        specifier: workspace:^
        version: link:../hashicorp-plugin
      effect:
        specifier: ^3.17.7
        version: 3.17.7
      typescript:
        specifier: ^5.9.2
        version: 5.9.2

  libs/terraform-provider-sdk:
    dependencies:
      '@entropitor/hashicorp-plugin':
        specifier: workspace:^
        version: link:../hashicorp-plugin
      '@msgpack/msgpack':
        specifier: 3.1.2
        version: 3.1.2
      effect:
        specifier: ^3.17.7
        version: 3.17.7
      typescript:
        specifier: ^5.9.2
        version: 5.9.2
    devDependencies:
      '@connectrpc/connect':
        specifier: ^2.0.4
        version: 2.0.4(@bufbuild/protobuf@2.6.3)

  providers/coolify:
    dependencies:
      '@entropitor/terraform-provider-sdk':
        specifier: workspace:^
        version: link:../../libs/terraform-provider-sdk
      effect:
        specifier: ^3.17.7
        version: 3.17.7
      openapi-fetch:
        specifier: ^0.14.0
        version: 0.14.0
      typescript:
        specifier: ^5.9.2
        version: 5.9.2
    devDependencies:
      openapi-typescript:
        specifier: ^7.9.1
        version: 7.9.1(typescript@5.9.2)

  providers/hashicups:
    dependencies:
      '@entropitor/terraform-provider-sdk':
        specifier: workspace:^
        version: link:../../libs/terraform-provider-sdk
      effect:
        specifier: ^3.17.7
        version: 3.17.7
      typescript:
        specifier: ^5.9.2
        version: 5.9.2

packages:

  '@babel/code-frame@7.27.1':
    resolution: {integrity: sha512-cjQ7ZlQ0Mv3b47hABuTevyTuYN4i+loJKGeV9flcCgIK37cCXRh+L1bd3iBHlynerhQ7BhCkn2BPbQUL+rGqFg==}
    engines: {node: '>=6.9.0'}

  '@babel/helper-validator-identifier@7.27.1':
    resolution: {integrity: sha512-D2hP9eA+Sqx1kBZgzxZh0y1trbuU+JoDkiEwqhQ36nodYqJwyEIhPSdMNd7lOm/4io72luTPWH20Yda0xOuUow==}
    engines: {node: '>=6.9.0'}

  '@bufbuild/buf-darwin-arm64@1.56.0':
    resolution: {integrity: sha512-9neaI9gx1sxOGl9xrL7kw6H+0WmVAFlIQTIDc3vt1qRhfgOt/8AWOHSOWppGTRjNiB0qh6Xie1LYHv/jgDVN0g==}
    engines: {node: '>=12'}
    cpu: [arm64]
    os: [darwin]

  '@bufbuild/buf-darwin-x64@1.56.0':
    resolution: {integrity: sha512-nRHPMXV8fr/lqU+u/1GGsUg7OvNcxJuCJoJpfRoRg38b+NPzOz2FkQAs5OEJzzprQB5aftn5//cl8YXjgvTuFA==}
    engines: {node: '>=12'}
    cpu: [x64]
    os: [darwin]

  '@bufbuild/buf-linux-aarch64@1.56.0':
    resolution: {integrity: sha512-+td559RuKNwYDnq49NrIDGJ4F73Ra4QzVVbsC+UeveA0HMnIGRzFbchGjHtNJyaZsI57sXJ7dCHH0iFV3jcYwQ==}
    engines: {node: '>=12'}
    cpu: [arm64]
    os: [linux]

  '@bufbuild/buf-linux-armv7@1.56.0':
    resolution: {integrity: sha512-9v3zmos6wRTBc4QeIg4rfDmPzmTgtUTRCbhr87qws/yddIT8cFtHHhy1whnozBNqtmYOdwZNBNx/QXqGGcRuKw==}
    engines: {node: '>=12'}
    cpu: [arm]
    os: [linux]

  '@bufbuild/buf-linux-x64@1.56.0':
    resolution: {integrity: sha512-3jZHHBol1fuichNke7LJtHJUdw314XBj6OuJHY6IufsaaVIj1mtM2DPbGiDhYB453J7FiV/buadctKBxAAHclg==}
    engines: {node: '>=12'}
    cpu: [x64]
    os: [linux]

  '@bufbuild/buf-win32-arm64@1.56.0':
    resolution: {integrity: sha512-KMGzSf9rIbT01Jb2685JovwRRYEdL7Zbs6ZrjyhIHBgKK6cBwz1AJvEaDrWMEzCdv+opQwjgM6UdtA4e9BWP1A==}
    engines: {node: '>=12'}
    cpu: [arm64]
    os: [win32]

  '@bufbuild/buf-win32-x64@1.56.0':
    resolution: {integrity: sha512-19LFOCyFFVTaaqNGtYTpiF67fcpneWZFlm8UNU+Xs87Kh+N5i/LjDjNytnpFT6snwU4/S+UUkq7WgS6UPjqXIg==}
    engines: {node: '>=12'}
    cpu: [x64]
    os: [win32]

  '@bufbuild/buf@1.56.0':
    resolution: {integrity: sha512-1xQWOf3FCDDTi+5B/VScQ73EP6ACwQPCP4ODvCq2L6IVgFtvYX49ur6cQ2qCM8yFitIHESm/Nbff93sh+V/Iog==}
    engines: {node: '>=12'}
    hasBin: true

  '@bufbuild/protobuf@1.10.1':
    resolution: {integrity: sha512-wJ8ReQbHxsAfXhrf9ixl0aYbZorRuOWpBNzm8pL8ftmSxQx/wnJD5Eg861NwJU/czy2VXFIebCeZnZrI9rktIQ==}

  '@bufbuild/protobuf@2.6.3':
    resolution: {integrity: sha512-w/gJKME9mYN7ZoUAmSMAWXk4hkVpxRKvEJCb3dV5g9wwWdxTJJ0ayOJAVcNxtdqaxDyFuC0uz4RSGVacJ030PQ==}

  '@bufbuild/protoc-gen-es@2.6.3':
    resolution: {integrity: sha512-20o4U/Th0yLK/ayQGJ8hwh+fmcI/2PWZFkTS4gv08AtOx31YA05/X/wbn+pLZLJCDP2ik4KTIWuV1j4gERs15A==}
    engines: {node: '>=14'}
    hasBin: true
    peerDependencies:
      '@bufbuild/protobuf': 2.6.3
    peerDependenciesMeta:
      '@bufbuild/protobuf':
        optional: true

  '@bufbuild/protoplugin@1.10.1':
    resolution: {integrity: sha512-LaSbfwabAFIvbVnbn8jWwElRoffCIxhVraO8arliVwWupWezHLXgqPHEYLXZY/SsAR+/YsFBQJa8tAGtNPJyaQ==}

  '@bufbuild/protoplugin@2.6.3':
    resolution: {integrity: sha512-VceMuxeRukxGeABfo34SXq0VqY1MU+mzS+PBf0HAWo97ylFut8F6sQ3mV0tKiM08UQ/xQco7lxCn83BkoxrWrA==}

  '@connectrpc/connect-node@2.0.4':
    resolution: {integrity: sha512-+2rmWcCqYxh7TKv6zyJqGloUP5dZSkjrZ3AA1CljGBqiwH6pOjLoNX1ofKh9PBRkJnvfxvL3pBEEWaD1hJso4Q==}
    engines: {node: '>=18.14.1'}
    peerDependencies:
      '@bufbuild/protobuf': ^2.2.0
      '@connectrpc/connect': 2.0.4

  '@connectrpc/connect@1.6.1':
    resolution: {integrity: sha512-KchMDNtU4CDTdkyf0qG7ugJ6qHTOR/aI7XebYn3OTCNagaDYWiZUVKgRgwH79yeMkpNgvEUaXSK7wKjaBK9b/Q==}
    peerDependencies:
      '@bufbuild/protobuf': ^1.10.0

  '@connectrpc/connect@2.0.4':
    resolution: {integrity: sha512-E3EDUMHDdLKVYRxaGbb/MWImZUiGiPQgoehigCvy0NtMTiAn9AQIz/an1689b7mFbkMIXztPHwSNsvtqRPHhqQ==}
    peerDependencies:
      '@bufbuild/protobuf': ^2.2.0

  '@connectrpc/protoc-gen-connect-es@1.6.1':
    resolution: {integrity: sha512-0fHcaADd+GKM0I/koIQpmKg7b+QL18bXlggTUYEAlMFzsd4zN/ApG3235hdUcRyhrAOAItTXxh8ZAV/nNd43Gg==}
    engines: {node: '>=16.0.0'}
    hasBin: true
    peerDependencies:
      '@bufbuild/protoc-gen-es': ^1.10.0
      '@connectrpc/connect': 1.6.1
    peerDependenciesMeta:
      '@bufbuild/protoc-gen-es':
        optional: true
      '@connectrpc/connect':
        optional: true

  '@msgpack/msgpack@3.1.2':
    resolution: {integrity: sha512-JEW4DEtBzfe8HvUYecLU9e6+XJnKDlUAIve8FvPzF3Kzs6Xo/KuZkZJsDH0wJXl/qEZbeeE7edxDNY3kMs39hQ==}
    engines: {node: '>= 18'}

  '@redocly/ajv@8.11.3':
    resolution: {integrity: sha512-4P3iZse91TkBiY+Dx5DUgxQ9GXkVJf++cmI0MOyLDxV9b5MUBI4II6ES8zA5JCbO72nKAJxWrw4PUPW+YP3ZDQ==}

  '@redocly/config@0.22.2':
    resolution: {integrity: sha512-roRDai8/zr2S9YfmzUfNhKjOF0NdcOIqF7bhf4MVC5UxpjIysDjyudvlAiVbpPHp3eDRWbdzUgtkK1a7YiDNyQ==}

  '@redocly/openapi-core@1.34.5':
    resolution: {integrity: sha512-0EbE8LRbkogtcCXU7liAyC00n9uNG9hJ+eMyHFdUsy9lB/WGqnEBgwjA9q2cyzAVcdTkQqTBBU1XePNnN3OijA==}
    engines: {node: '>=18.17.0', npm: '>=9.5.0'}

  '@standard-schema/spec@1.0.0':
    resolution: {integrity: sha512-m2bOd0f2RT9k8QJx1JN85cZYyH1RqFBdlwtkSlf4tBDYLCiiZnv1fIIwacK6cqwXavOydf0NPToMQgpKq+dVlA==}

  '@tsconfig/strictest@2.0.5':
    resolution: {integrity: sha512-ec4tjL2Rr0pkZ5hww65c+EEPYwxOi4Ryv+0MtjeaSQRJyq322Q27eOQiFbuNgw2hpL4hB1/W/HBGk3VKS43osg==}

  '@types/node-forge@1.3.13':
    resolution: {integrity: sha512-zePQJSW5QkwSHKRApqWCVKeKoSOt4xvEnLENZPjyvm9Ezdf/EyDeJM7jqLzOwjVICQQzvLZ63T55MKdJB5H6ww==}

  '@types/node@24.3.0':
    resolution: {integrity: sha512-aPTXCrfwnDLj4VvXrm+UUCQjNEvJgNA8s5F1cvwQU+3KNltTOkBm1j30uNLyqqPNe7gE3KFzImYoZEfLhp4Yow==}

  '@typescript/vfs@1.6.1':
    resolution: {integrity: sha512-JwoxboBh7Oz1v38tPbkrZ62ZXNHAk9bJ7c9x0eI5zBfBnBYGhURdbnh7Z4smN/MV48Y5OCcZb58n972UtbazsA==}
    peerDependencies:
      typescript: '*'

  agent-base@7.1.4:
    resolution: {integrity: sha512-MnA+YT8fwfJPgBx3m60MNqakm30XOkyIoH1y6huTQvC0PwZG7ki8NacLBcrPbNoo8vEZy7Jpuk7+jMO+CUovTQ==}
    engines: {node: '>= 14'}

  ansi-colors@4.1.3:
    resolution: {integrity: sha512-/6w/C21Pm1A7aZitlI5Ni/2J6FFQN8i1Cvz3kHABAAbw93v/NlvKdVOqz7CCWz/3iv/JplRSEEZ83XION15ovw==}
    engines: {node: '>=6'}

  argparse@2.0.1:
    resolution: {integrity: sha512-8+9WqebbFzpX9OR+Wa6O29asIogeRMzcGtAINdpMHHyAg10f05aSFVBbcEqGf/PXw1EjAZ+q2/bEBg3DvurK3Q==}

  balanced-match@1.0.2:
    resolution: {integrity: sha512-3oSeUO0TMV67hN1AmbXsK4yaqU7tjiHlbxRDZOpH0KW9+CeX4bRAaX0Anxt0tx2MrpRpWwQaPwIlISEJhYU5Pw==}

  brace-expansion@2.0.2:
    resolution: {integrity: sha512-Jt0vHyM+jmUBqojB7E1NIYadt0vI0Qxjxd2TErW94wDz+E2LAm5vKMXXwg6ZZBTHPuUlDgQHKXvjGBdfcF1ZDQ==}

  change-case@5.4.4:
    resolution: {integrity: sha512-HRQyTk2/YPEkt9TnUPbOpr64Uw3KOicFWPVBb+xiHvd6eBx/qPr9xqfBFDT8P2vWsvvz4jbEkfDe71W3VyNu2w==}

  colorette@1.4.0:
    resolution: {integrity: sha512-Y2oEozpomLn7Q3HFP7dpww7AtMJplbM9lGZP6RDfHqmbeRjiwRg4n6VM6j4KLmRke85uWEI7JqF17f3pqdRA0g==}

  debug@4.4.1:
    resolution: {integrity: sha512-KcKCqiftBJcZr++7ykoDIEwSa3XWowTfNPo92BYxjXiyYEVrUQh2aLyhxBCwww+heortUFxEJYcRzosstTEBYQ==}
    engines: {node: '>=6.0'}
    peerDependencies:
      supports-color: '*'
    peerDependenciesMeta:
      supports-color:
        optional: true

  effect@3.17.7:
    resolution: {integrity: sha512-dpt0ONUn3zzAuul6k4nC/coTTw27AL5nhkORXgTi6NfMPzqWYa1M05oKmOMTxpVSTKepqXVcW9vIwkuaaqx9zA==}

  fast-check@3.23.2:
    resolution: {integrity: sha512-h5+1OzzfCC3Ef7VbtKdcv7zsstUQwUDlYpUTvjeUsJAssPgLn7QzbboPtL5ro04Mq0rPOsMzl7q5hIbRs2wD1A==}
    engines: {node: '>=8.0.0'}

  fast-deep-equal@3.1.3:
    resolution: {integrity: sha512-f3qQ9oQy9j2AhBe/H9VC91wLmKBCCU/gDOnKNAYG5hswO7BLKj09Hc5HYNz9cGI++xlpDCIgDaitVs03ATR84Q==}

  https-proxy-agent@7.0.6:
    resolution: {integrity: sha512-vK9P5/iUfdl95AI+JVyUuIcVtd4ofvtrOr3HNtM2yxC9bnMbEdp3x01OhQNnjb8IJYi38VlTE3mBXwcfvywuSw==}
    engines: {node: '>= 14'}

  index-to-position@1.1.0:
    resolution: {integrity: sha512-XPdx9Dq4t9Qk1mTMbWONJqU7boCoumEH7fRET37HX5+khDUl3J2W6PdALxhILYlIYx2amlwYcRPp28p0tSiojg==}
    engines: {node: '>=18'}

  js-levenshtein@1.1.6:
    resolution: {integrity: sha512-X2BB11YZtrRqY4EnQcLX5Rh373zbK4alC1FW7D7MBhL2gtcC17cTnr6DmfHZeS0s2rTHjUTMMHfG7gO8SSdw+g==}
    engines: {node: '>=0.10.0'}

  js-tokens@4.0.0:
    resolution: {integrity: sha512-RdJUflcE3cUzKiMqQgsCu06FPu9UdIJO0beYbPhHN4k6apgJtifcoCtT9bcxOpYBtpD2kCM6Sbzg4CausW/PKQ==}

  js-yaml@4.1.0:
    resolution: {integrity: sha512-wpxZs9NoxZaJESJGIZTyDEaYpl0FKSA+FB9aJiyemKhMwkxQg63h4T1KJgUGHpTqPDNRcmmYLugrRjJlBtWvRA==}
    hasBin: true

  json-schema-traverse@1.0.0:
    resolution: {integrity: sha512-NM8/P9n3XjXhIZn1lLhkFaACTOURQXjWhV4BA/RnOv8xvgqtqpAX9IO4mRQxSx1Rlo4tqzeqb0sOlruaOy3dug==}

  minimatch@5.1.6:
    resolution: {integrity: sha512-lKwV/1brpG6mBUFHtb7NUmtABCb2WZZmm2wNiOA5hAb8VdCS4B3dtMWyvcoViccwAW/COERjXLt0zP1zXUN26g==}
    engines: {node: '>=10'}

  ms@2.1.3:
    resolution: {integrity: sha512-6FlzubTLZG3J2a/NVCAleEhjzq5oxgHyaCU9yYXvcLsvoVaHJq/s5xXI6/XXP6tz7R9xAOtHnSO/tXtF3WRTlA==}

  node-forge@1.3.1:
    resolution: {integrity: sha512-dPEtOeMvF9VMcYV/1Wb8CPoVAXtp6MKMlcbAt4ddqmGqUJ6fQZFXkNZNkNlfevtNkGtaSoXf/vNNNSvgrdXwtA==}
    engines: {node: '>= 6.13.0'}

  openapi-fetch@0.14.0:
    resolution: {integrity: sha512-PshIdm1NgdLvb05zp8LqRQMNSKzIlPkyMxYFxwyHR+UlKD4t2nUjkDhNxeRbhRSEd3x5EUNh2w5sJYwkhOH4fg==}

  openapi-typescript-helpers@0.0.15:
    resolution: {integrity: sha512-opyTPaunsklCBpTK8JGef6mfPhLSnyy5a0IN9vKtx3+4aExf+KxEqYwIy3hqkedXIB97u357uLMJsOnm3GVjsw==}

  openapi-typescript@7.9.1:
    resolution: {integrity: sha512-9gJtoY04mk6iPMbToPjPxEAtfXZ0dTsMZtsgUI8YZta0btPPig9DJFP4jlerQD/7QOwYgb0tl+zLUpDf7vb7VA==}
    hasBin: true
    peerDependencies:
      typescript: ^5.x

  parse-json@8.3.0:
    resolution: {integrity: sha512-ybiGyvspI+fAoRQbIPRddCcSTV9/LsJbf0e/S85VLowVGzRmokfneg2kwVW/KU5rOXrPSbF1qAKPMgNTqqROQQ==}
    engines: {node: '>=18'}

  picocolors@1.1.1:
    resolution: {integrity: sha512-xceH2snhtb5M9liqDsmEw56le376mTZkEX/jEb/RxNFyegNul7eNslCXP9FDj/Lcu0X8KEyMceP2ntpaHrDEVA==}

  pluralize@8.0.0:
    resolution: {integrity: sha512-Nc3IT5yHzflTfbjgqWcCPpo7DaKy4FnpB0l/zCAW0Tc7jxAiuqSxHasntB3D7887LSrA93kDJ9IXovxJYxyLCA==}
    engines: {node: '>=4'}

  prettier@3.6.2:
    resolution: {integrity: sha512-I7AIg5boAr5R0FFtJ6rCfD+LFsWHp81dolrFD8S79U9tb8Az2nGrJncnMSnys+bpQJfRUzqs9hnA81OAA3hCuQ==}
    engines: {node: '>=14'}
    hasBin: true

  pure-rand@6.1.0:
    resolution: {integrity: sha512-bVWawvoZoBYpp6yIoQtQXHZjmz35RSVHnUOTefl8Vcjr8snTPY1wnpSPMWekcFwbxI6gtmT7rSYPFvz71ldiOA==}

  require-from-string@2.0.2:
    resolution: {integrity: sha512-Xf0nWe6RseziFMu+Ap9biiUbmplq6S9/p+7w7YXP/JBHhrUDDUhwa+vANyubuqfZWTveU//DYVGsDG7RKL/vEw==}
    engines: {node: '>=0.10.0'}

  supports-color@10.1.0:
    resolution: {integrity: sha512-GBuewsPrhJPftT+fqDa9oI/zc5HNsG9nREqwzoSFDOIqf0NggOZbHQj2TE1P1CDJK8ZogFnlZY9hWoUiur7I/A==}
    engines: {node: '>=18'}

  type-fest@4.41.0:
    resolution: {integrity: sha512-TeTSQ6H5YHvpqVwBRcnLDCBnDOHWYu7IvGbHT6N8AOymcr9PJGjc1GTtiWZTYg0NCgYwvnYWEkVChQAr9bjfwA==}
    engines: {node: '>=16'}

  typescript@4.5.2:
    resolution: {integrity: sha512-5BlMof9H1yGt0P8/WF+wPNw6GfctgGjXp5hkblpyT+8rkASSmkUKMXrxR0Xg8ThVCi/JnHQiKXeBaEwCeQwMFw==}
    engines: {node: '>=4.2.0'}
    hasBin: true

  typescript@5.4.5:
    resolution: {integrity: sha512-vcI4UpRgg81oIRUFwR0WSIHKt11nJ7SAVlYNIu+QpqeyXP+gpQJy/Z4+F0aGxSE4MqwjyXvW/TzgkLAx2AGHwQ==}
    engines: {node: '>=14.17'}
    hasBin: true

  typescript@5.9.2:
    resolution: {integrity: sha512-CWBzXQrc/qOkhidw1OzBTQuYRbfyxDXJMVJ1XNwUHGROVmuaeiEm3OslpZ1RV96d7SKKjZKrSJu3+t/xlw3R9A==}
    engines: {node: '>=14.17'}
    hasBin: true

  undici-types@7.10.0:
    resolution: {integrity: sha512-t5Fy/nfn+14LuOc2KNYg75vZqClpAiqscVvMygNnlsHBFpSXdJaYtXMcdNLpl/Qvc3P2cB3s6lOV51nqsFq4ag==}

  uri-js-replace@1.0.1:
    resolution: {integrity: sha512-W+C9NWNLFOoBI2QWDp4UT9pv65r2w5Cx+3sTYFvtMdDBxkKt1syCqsUdSFAChbEe1uK5TfS04wt/nGwmaeIQ0g==}

  yaml-ast-parser@0.0.43:
    resolution: {integrity: sha512-2PTINUwsRqSd+s8XxKaJWQlUuEMHJQyEuh2edBbW8KNJz0SJPwUSD2zRWqezFEdN7IzAgeuYHFUCF7o8zRdZ0A==}

  yargs-parser@21.1.1:
    resolution: {integrity: sha512-tVpsJW7DdjecAiFpbIB1e3qxIQsE6NoPc5/eTdrbbIC4h0LVsWhnoa3g+m2HclBIujHzsxZ4VJVA+GUuc2/LBw==}
    engines: {node: '>=12'}

snapshots:

  '@babel/code-frame@7.27.1':
    dependencies:
      '@babel/helper-validator-identifier': 7.27.1
      js-tokens: 4.0.0
      picocolors: 1.1.1

  '@babel/helper-validator-identifier@7.27.1': {}

  '@bufbuild/buf-darwin-arm64@1.56.0':
    optional: true

  '@bufbuild/buf-darwin-x64@1.56.0':
    optional: true

  '@bufbuild/buf-linux-aarch64@1.56.0':
    optional: true

  '@bufbuild/buf-linux-armv7@1.56.0':
    optional: true

  '@bufbuild/buf-linux-x64@1.56.0':
    optional: true

  '@bufbuild/buf-win32-arm64@1.56.0':
    optional: true

  '@bufbuild/buf-win32-x64@1.56.0':
    optional: true

  '@bufbuild/buf@1.56.0':
    optionalDependencies:
      '@bufbuild/buf-darwin-arm64': 1.56.0
      '@bufbuild/buf-darwin-x64': 1.56.0
      '@bufbuild/buf-linux-aarch64': 1.56.0
      '@bufbuild/buf-linux-armv7': 1.56.0
      '@bufbuild/buf-linux-x64': 1.56.0
      '@bufbuild/buf-win32-arm64': 1.56.0
      '@bufbuild/buf-win32-x64': 1.56.0

  '@bufbuild/protobuf@1.10.1': {}

  '@bufbuild/protobuf@2.6.3': {}

  '@bufbuild/protoc-gen-es@2.6.3(@bufbuild/protobuf@2.6.3)':
    dependencies:
      '@bufbuild/protoplugin': 2.6.3
    optionalDependencies:
      '@bufbuild/protobuf': 2.6.3
    transitivePeerDependencies:
      - supports-color

  '@bufbuild/protoplugin@1.10.1':
    dependencies:
      '@bufbuild/protobuf': 1.10.1
      '@typescript/vfs': 1.6.1(typescript@4.5.2)
      typescript: 4.5.2
    transitivePeerDependencies:
      - supports-color

  '@bufbuild/protoplugin@2.6.3':
    dependencies:
      '@bufbuild/protobuf': 2.6.3
      '@typescript/vfs': 1.6.1(typescript@5.4.5)
      typescript: 5.4.5
    transitivePeerDependencies:
      - supports-color

  '@connectrpc/connect-node@2.0.4(@bufbuild/protobuf@2.6.3)(@connectrpc/connect@2.0.4(@bufbuild/protobuf@2.6.3))':
    dependencies:
      '@bufbuild/protobuf': 2.6.3
      '@connectrpc/connect': 2.0.4(@bufbuild/protobuf@2.6.3)

  '@connectrpc/connect@1.6.1(@bufbuild/protobuf@2.6.3)':
    dependencies:
      '@bufbuild/protobuf': 2.6.3
    optional: true

  '@connectrpc/connect@2.0.4(@bufbuild/protobuf@2.6.3)':
    dependencies:
      '@bufbuild/protobuf': 2.6.3

  '@connectrpc/protoc-gen-connect-es@1.6.1(@bufbuild/protoc-gen-es@2.6.3(@bufbuild/protobuf@2.6.3))(@connectrpc/connect@1.6.1(@bufbuild/protobuf@2.6.3))':
    dependencies:
      '@bufbuild/protobuf': 1.10.1
      '@bufbuild/protoplugin': 1.10.1
    optionalDependencies:
      '@bufbuild/protoc-gen-es': 2.6.3(@bufbuild/protobuf@2.6.3)
      '@connectrpc/connect': 1.6.1(@bufbuild/protobuf@2.6.3)
    transitivePeerDependencies:
      - supports-color

  '@msgpack/msgpack@3.1.2': {}

  '@redocly/ajv@8.11.3':
    dependencies:
      fast-deep-equal: 3.1.3
      json-schema-traverse: 1.0.0
      require-from-string: 2.0.2
      uri-js-replace: 1.0.1

  '@redocly/config@0.22.2': {}

  '@redocly/openapi-core@1.34.5(supports-color@10.1.0)':
    dependencies:
      '@redocly/ajv': 8.11.3
      '@redocly/config': 0.22.2
      colorette: 1.4.0
      https-proxy-agent: 7.0.6(supports-color@10.1.0)
      js-levenshtein: 1.1.6
      js-yaml: 4.1.0
      minimatch: 5.1.6
      pluralize: 8.0.0
      yaml-ast-parser: 0.0.43
    transitivePeerDependencies:
      - supports-color

  '@standard-schema/spec@1.0.0': {}

  '@tsconfig/strictest@2.0.5': {}

  '@types/node-forge@1.3.13':
    dependencies:
      '@types/node': 24.3.0

  '@types/node@24.3.0':
    dependencies:
      undici-types: 7.10.0

  '@typescript/vfs@1.6.1(typescript@4.5.2)':
    dependencies:
      debug: 4.4.1(supports-color@10.1.0)
      typescript: 4.5.2
    transitivePeerDependencies:
      - supports-color

  '@typescript/vfs@1.6.1(typescript@5.4.5)':
    dependencies:
      debug: 4.4.1(supports-color@10.1.0)
      typescript: 5.4.5
    transitivePeerDependencies:
      - supports-color

  agent-base@7.1.4: {}

  ansi-colors@4.1.3: {}

  argparse@2.0.1: {}

  balanced-match@1.0.2: {}

  brace-expansion@2.0.2:
    dependencies:
      balanced-match: 1.0.2

  change-case@5.4.4: {}

  colorette@1.4.0: {}

  debug@4.4.1(supports-color@10.1.0):
    dependencies:
      ms: 2.1.3
    optionalDependencies:
      supports-color: 10.1.0

  effect@3.17.7:
    dependencies:
      '@standard-schema/spec': 1.0.0
      fast-check: 3.23.2

  fast-check@3.23.2:
    dependencies:
      pure-rand: 6.1.0

  fast-deep-equal@3.1.3: {}

  https-proxy-agent@7.0.6(supports-color@10.1.0):
    dependencies:
      agent-base: 7.1.4
      debug: 4.4.1(supports-color@10.1.0)
    transitivePeerDependencies:
      - supports-color

  index-to-position@1.1.0: {}

  js-levenshtein@1.1.6: {}

  js-tokens@4.0.0: {}

  js-yaml@4.1.0:
    dependencies:
      argparse: 2.0.1

  json-schema-traverse@1.0.0: {}

  minimatch@5.1.6:
    dependencies:
      brace-expansion: 2.0.2

  ms@2.1.3: {}

  node-forge@1.3.1: {}

  openapi-fetch@0.14.0:
    dependencies:
      openapi-typescript-helpers: 0.0.15

  openapi-typescript-helpers@0.0.15: {}

  openapi-typescript@7.9.1(typescript@5.9.2):
    dependencies:
      '@redocly/openapi-core': 1.34.5(supports-color@10.1.0)
      ansi-colors: 4.1.3
      change-case: 5.4.4
      parse-json: 8.3.0
      supports-color: 10.1.0
      typescript: 5.9.2
      yargs-parser: 21.1.1

  parse-json@8.3.0:
    dependencies:
      '@babel/code-frame': 7.27.1
      index-to-position: 1.1.0
      type-fest: 4.41.0

  picocolors@1.1.1: {}

  pluralize@8.0.0: {}

  prettier@3.6.2: {}

  pure-rand@6.1.0: {}

  require-from-string@2.0.2: {}

  supports-color@10.1.0: {}

  type-fest@4.41.0: {}

  typescript@4.5.2: {}

  typescript@5.4.5: {}

  typescript@5.9.2: {}

  undici-types@7.10.0: {}

  uri-js-replace@1.0.1: {}

  yaml-ast-parser@0.0.43: {}

  yargs-parser@21.1.1: {}
